
Microsoft Visual Studio Solution File, Format Version 12.00
# Visual Studio 15
VisualStudioVersion = 15.0.27703.2026
MinimumVisualStudioVersion = 10.0.40219.1
Project("{FAE04EC0-301F-11D3-BF4B-00C04F79EFBC}") = "Metanit_05_01_RouterMiddleware", "Metanit_05_01_RouterMiddleware\Metanit_05_01_RouterMiddleware.csproj", "{2DF843BC-C1E4-496F-A080-7F19570BECD9}"
EndProject
Global
	GlobalSection(SolutionConfigurationPlatforms) = preSolution
		Debug|Any CPU = Debug|Any CPU
		Release|Any CPU = Release|Any CPU
	EndGlobalSection
	GlobalSection(ProjectConfigurationPlatforms) = postSolution
		{2DF843BC-C1E4-496F-A080-7F19570BECD9}.Debug|Any CPU.ActiveCfg = Debug|Any CPU
		{2DF843BC-C1E4-496F-A080-7F19570BECD9}.Debug|Any CPU.Build.0 = Debug|Any CPU
		{2DF843BC-C1E4-496F-A080-7F19570BECD9}.Release|Any CPU.ActiveCfg = Release|Any CPU
		{2DF843BC-C1E4-496F-A080-7F19570BECD9}.Release|Any CPU.Build.0 = Release|Any CPU
	EndGlobalSection
	GlobalSection(SolutionProperties) = preSolution
		HideSolutionNode = FALSE
	EndGlobalSection
	GlobalSection(ExtensibilityGlobals) = postSolution
		SolutionGuid = {8018A7D1-5081-4D46-AFF4-AF2D788F9F67}
	EndGlobalSection
EndGlobal
