
Microsoft Visual Studio Solution File, Format Version 12.00
# Visual Studio 15
VisualStudioVersion = 15.0.27703.2042
MinimumVisualStudioVersion = 10.0.40219.1
Project("{9A19103F-16F7-4668-BE54-9A1E7A4F7556}") = "Metanit_21_01_CookiesAuth", "Metanit_21_01_CookiesAuth\Metanit_21_01_CookiesAuth.csproj", "{5AA8164A-4BAE-40FF-8D11-21820C216FED}"
EndProject
Project("{9A19103F-16F7-4668-BE54-9A1E7A4F7556}") = "Metanit_21_02_RoleAuth", "Metanit_21_02_RoleAuth\Metanit_21_02_RoleAuth.csproj", "{6856C626-9894-4450-B438-116513EBFE15}"
EndProject
Project("{9A19103F-16F7-4668-BE54-9A1E7A4F7556}") = "Metanit_21_04_ClaimAuth", "Metanit_21_04_ClaimAuth\Metanit_21_04_ClaimAuth.csproj", "{5B169D93-0EE6-4898-96E5-067A0DACFD7F}"
EndProject
Project("{FAE04EC0-301F-11D3-BF4B-00C04F79EFBC}") = "Metanit_21_09_JSON_Web_Token", "Metanit_21_09_JSON_Web_Token\Metanit_21_09_JSON_Web_Token.csproj", "{6B373E46-AEE8-4BD4-B1A6-EF6196DC236B}"
EndProject
Global
	GlobalSection(SolutionConfigurationPlatforms) = preSolution
		Debug|Any CPU = Debug|Any CPU
		Release|Any CPU = Release|Any CPU
	EndGlobalSection
	GlobalSection(ProjectConfigurationPlatforms) = postSolution
		{5AA8164A-4BAE-40FF-8D11-21820C216FED}.Debug|Any CPU.ActiveCfg = Debug|Any CPU
		{5AA8164A-4BAE-40FF-8D11-21820C216FED}.Debug|Any CPU.Build.0 = Debug|Any CPU
		{5AA8164A-4BAE-40FF-8D11-21820C216FED}.Release|Any CPU.ActiveCfg = Release|Any CPU
		{5AA8164A-4BAE-40FF-8D11-21820C216FED}.Release|Any CPU.Build.0 = Release|Any CPU
		{6856C626-9894-4450-B438-116513EBFE15}.Debug|Any CPU.ActiveCfg = Debug|Any CPU
		{6856C626-9894-4450-B438-116513EBFE15}.Debug|Any CPU.Build.0 = Debug|Any CPU
		{6856C626-9894-4450-B438-116513EBFE15}.Release|Any CPU.ActiveCfg = Release|Any CPU
		{6856C626-9894-4450-B438-116513EBFE15}.Release|Any CPU.Build.0 = Release|Any CPU
		{5B169D93-0EE6-4898-96E5-067A0DACFD7F}.Debug|Any CPU.ActiveCfg = Debug|Any CPU
		{5B169D93-0EE6-4898-96E5-067A0DACFD7F}.Debug|Any CPU.Build.0 = Debug|Any CPU
		{5B169D93-0EE6-4898-96E5-067A0DACFD7F}.Release|Any CPU.ActiveCfg = Release|Any CPU
		{5B169D93-0EE6-4898-96E5-067A0DACFD7F}.Release|Any CPU.Build.0 = Release|Any CPU
		{6B373E46-AEE8-4BD4-B1A6-EF6196DC236B}.Debug|Any CPU.ActiveCfg = Debug|Any CPU
		{6B373E46-AEE8-4BD4-B1A6-EF6196DC236B}.Debug|Any CPU.Build.0 = Debug|Any CPU
		{6B373E46-AEE8-4BD4-B1A6-EF6196DC236B}.Release|Any CPU.ActiveCfg = Release|Any CPU
		{6B373E46-AEE8-4BD4-B1A6-EF6196DC236B}.Release|Any CPU.Build.0 = Release|Any CPU
	EndGlobalSection
	GlobalSection(SolutionProperties) = preSolution
		HideSolutionNode = FALSE
	EndGlobalSection
	GlobalSection(ExtensibilityGlobals) = postSolution
		SolutionGuid = {0E242F09-1F19-4E2A-9516-9989987BBEF9}
	EndGlobalSection
EndGlobal
