
Microsoft Visual Studio Solution File, Format Version 12.00
# Visual Studio 15
VisualStudioVersion = 15.0.27428.2011
MinimumVisualStudioVersion = 10.0.40219.1
Project("{9A19103F-16F7-4668-BE54-9A1E7A4F7556}") = "01_1_HelloWorld", "01_1_HelloWorld.csproj", "{BEBFFC66-E46D-4A70-9B1B-1DF0676297F4}"
EndProject
Global
	GlobalSection(SolutionConfigurationPlatforms) = preSolution
		Debug|Any CPU = Debug|Any CPU
		Release|Any CPU = Release|Any CPU
	EndGlobalSection
	GlobalSection(ProjectConfigurationPlatforms) = postSolution
		{BEBFFC66-E46D-4A70-9B1B-1DF0676297F4}.Debug|Any CPU.ActiveCfg = Debug|Any CPU
		{BEBFFC66-E46D-4A70-9B1B-1DF0676297F4}.Debug|Any CPU.Build.0 = Debug|Any CPU
		{BEBFFC66-E46D-4A70-9B1B-1DF0676297F4}.Release|Any CPU.ActiveCfg = Release|Any CPU
		{BEBFFC66-E46D-4A70-9B1B-1DF0676297F4}.Release|Any CPU.Build.0 = Release|Any CPU
	EndGlobalSection
	GlobalSection(SolutionProperties) = preSolution
		HideSolutionNode = FALSE
	EndGlobalSection
	GlobalSection(ExtensibilityGlobals) = postSolution
		SolutionGuid = {1EFC3FEC-0DBB-401C-87D7-F487AA3B580E}
	EndGlobalSection
EndGlobal
