
Microsoft Visual Studio Solution File, Format Version 12.00
# Visual Studio 15
VisualStudioVersion = 15.0.27428.2011
MinimumVisualStudioVersion = 10.0.40219.1
Project("{FAE04EC0-301F-11D3-BF4B-00C04F79EFBC}") = "01_1_HelloWorld", "01_1_HelloWorld\01_1_HelloWorld.csproj", "{6C683511-4BB9-4112-9BA7-19F71948C45A}"
EndProject
Global
	GlobalSection(SolutionConfigurationPlatforms) = preSolution
		Debug|Any CPU = Debug|Any CPU
		Release|Any CPU = Release|Any CPU
	EndGlobalSection
	GlobalSection(ProjectConfigurationPlatforms) = postSolution
		{6C683511-4BB9-4112-9BA7-19F71948C45A}.Debug|Any CPU.ActiveCfg = Debug|Any CPU
		{6C683511-4BB9-4112-9BA7-19F71948C45A}.Debug|Any CPU.Build.0 = Debug|Any CPU
		{6C683511-4BB9-4112-9BA7-19F71948C45A}.Release|Any CPU.ActiveCfg = Release|Any CPU
		{6C683511-4BB9-4112-9BA7-19F71948C45A}.Release|Any CPU.Build.0 = Release|Any CPU
	EndGlobalSection
	GlobalSection(SolutionProperties) = preSolution
		HideSolutionNode = FALSE
	EndGlobalSection
	GlobalSection(ExtensibilityGlobals) = postSolution
		SolutionGuid = {6445190B-1397-4B64-978F-379F2EEB3B2B}
	EndGlobalSection
EndGlobal
