
Microsoft Visual Studio Solution File, Format Version 12.00
# Visual Studio 15
VisualStudioVersion = 15.0.27428.2011
MinimumVisualStudioVersion = 10.0.40219.1
Project("{9A19103F-16F7-4668-BE54-9A1E7A4F7556}") = "02_4_Use", "02_4_Use.csproj", "{9EBA4ACF-5A95-440D-96F7-65F37882920C}"
EndProject
Global
	GlobalSection(SolutionConfigurationPlatforms) = preSolution
		Debug|Any CPU = Debug|Any CPU
		Release|Any CPU = Release|Any CPU
	EndGlobalSection
	GlobalSection(ProjectConfigurationPlatforms) = postSolution
		{9EBA4ACF-5A95-440D-96F7-65F37882920C}.Debug|Any CPU.ActiveCfg = Debug|Any CPU
		{9EBA4ACF-5A95-440D-96F7-65F37882920C}.Debug|Any CPU.Build.0 = Debug|Any CPU
		{9EBA4ACF-5A95-440D-96F7-65F37882920C}.Release|Any CPU.ActiveCfg = Release|Any CPU
		{9EBA4ACF-5A95-440D-96F7-65F37882920C}.Release|Any CPU.Build.0 = Release|Any CPU
	EndGlobalSection
	GlobalSection(SolutionProperties) = preSolution
		HideSolutionNode = FALSE
	EndGlobalSection
	GlobalSection(ExtensibilityGlobals) = postSolution
		SolutionGuid = {249AFA8F-7F11-4660-886B-2A21A2FFA502}
	EndGlobalSection
EndGlobal
