
Microsoft Visual Studio Solution File, Format Version 12.00
# Visual Studio 15
VisualStudioVersion = 15.0.27428.2011
MinimumVisualStudioVersion = 10.0.40219.1
Project("{FAE04EC0-301F-11D3-BF4B-00C04F79EFBC}") = "Metanit_03_02_ServiceAndMiddleware", "Metanit_03_02_ServiceAndMiddleware\Metanit_03_02_ServiceAndMiddleware.csproj", "{A6D3DA53-30A3-4BC6-8AF4-E09846F254F9}"
EndProject
Global
	GlobalSection(SolutionConfigurationPlatforms) = preSolution
		Debug|Any CPU = Debug|Any CPU
		Release|Any CPU = Release|Any CPU
	EndGlobalSection
	GlobalSection(ProjectConfigurationPlatforms) = postSolution
		{A6D3DA53-30A3-4BC6-8AF4-E09846F254F9}.Debug|Any CPU.ActiveCfg = Debug|Any CPU
		{A6D3DA53-30A3-4BC6-8AF4-E09846F254F9}.Debug|Any CPU.Build.0 = Debug|Any CPU
		{A6D3DA53-30A3-4BC6-8AF4-E09846F254F9}.Release|Any CPU.ActiveCfg = Release|Any CPU
		{A6D3DA53-30A3-4BC6-8AF4-E09846F254F9}.Release|Any CPU.Build.0 = Release|Any CPU
	EndGlobalSection
	GlobalSection(SolutionProperties) = preSolution
		HideSolutionNode = FALSE
	EndGlobalSection
	GlobalSection(ExtensibilityGlobals) = postSolution
		SolutionGuid = {C23C64A6-AC52-4227-94E0-C2A47B83CD15}
	EndGlobalSection
EndGlobal
