
Microsoft Visual Studio Solution File, Format Version 12.00
# Visual Studio 15
VisualStudioVersion = 15.0.27703.2026
MinimumVisualStudioVersion = 10.0.40219.1
Project("{FAE04EC0-301F-11D3-BF4B-00C04F79EFBC}") = "Metanit_10_03_ViewComponentResult", "Metanit_10_03_ViewComponentResult\Metanit_10_03_ViewComponentResult.csproj", "{86A8AC48-F143-4012-B365-9275B2287371}"
EndProject
Global
	GlobalSection(SolutionConfigurationPlatforms) = preSolution
		Debug|Any CPU = Debug|Any CPU
		Release|Any CPU = Release|Any CPU
	EndGlobalSection
	GlobalSection(ProjectConfigurationPlatforms) = postSolution
		{86A8AC48-F143-4012-B365-9275B2287371}.Debug|Any CPU.ActiveCfg = Debug|Any CPU
		{86A8AC48-F143-4012-B365-9275B2287371}.Debug|Any CPU.Build.0 = Debug|Any CPU
		{86A8AC48-F143-4012-B365-9275B2287371}.Release|Any CPU.ActiveCfg = Release|Any CPU
		{86A8AC48-F143-4012-B365-9275B2287371}.Release|Any CPU.Build.0 = Release|Any CPU
	EndGlobalSection
	GlobalSection(SolutionProperties) = preSolution
		HideSolutionNode = FALSE
	EndGlobalSection
	GlobalSection(ExtensibilityGlobals) = postSolution
		SolutionGuid = {C37D6764-034B-44C7-940D-8B90228F86E4}
	EndGlobalSection
EndGlobal
