
Microsoft Visual Studio Solution File, Format Version 12.00
# Visual Studio 15
VisualStudioVersion = 15.0.27703.2026
MinimumVisualStudioVersion = 10.0.40219.1
Project("{FAE04EC0-301F-11D3-BF4B-00C04F79EFBC}") = "Metanit_08_02_Razor", "Metanit_08_02_Razor\Metanit_08_02_Razor.csproj", "{944BEA7E-A1DB-4DB2-AD12-91F61BEDA701}"
EndProject
Global
	GlobalSection(SolutionConfigurationPlatforms) = preSolution
		Debug|Any CPU = Debug|Any CPU
		Release|Any CPU = Release|Any CPU
	EndGlobalSection
	GlobalSection(ProjectConfigurationPlatforms) = postSolution
		{944BEA7E-A1DB-4DB2-AD12-91F61BEDA701}.Debug|Any CPU.ActiveCfg = Debug|Any CPU
		{944BEA7E-A1DB-4DB2-AD12-91F61BEDA701}.Debug|Any CPU.Build.0 = Debug|Any CPU
		{944BEA7E-A1DB-4DB2-AD12-91F61BEDA701}.Release|Any CPU.ActiveCfg = Release|Any CPU
		{944BEA7E-A1DB-4DB2-AD12-91F61BEDA701}.Release|Any CPU.Build.0 = Release|Any CPU
	EndGlobalSection
	GlobalSection(SolutionProperties) = preSolution
		HideSolutionNode = FALSE
	EndGlobalSection
	GlobalSection(ExtensibilityGlobals) = postSolution
		SolutionGuid = {798F7C00-1622-4D99-BDF1-AC79C55ECA17}
	EndGlobalSection
EndGlobal
