
Microsoft Visual Studio Solution File, Format Version 12.00
# Visual Studio 15
VisualStudioVersion = 15.0.27703.2026
MinimumVisualStudioVersion = 10.0.40219.1
Project("{FAE04EC0-301F-11D3-BF4B-00C04F79EFBC}") = "Metanit_07_02_ControllerParameter", "Metanit_07_02_ControllerParameter\Metanit_07_02_ControllerParameter.csproj", "{95764C16-DC88-41D0-923A-BFC3C141F426}"
EndProject
Global
	GlobalSection(SolutionConfigurationPlatforms) = preSolution
		Debug|Any CPU = Debug|Any CPU
		Release|Any CPU = Release|Any CPU
	EndGlobalSection
	GlobalSection(ProjectConfigurationPlatforms) = postSolution
		{95764C16-DC88-41D0-923A-BFC3C141F426}.Debug|Any CPU.ActiveCfg = Debug|Any CPU
		{95764C16-DC88-41D0-923A-BFC3C141F426}.Debug|Any CPU.Build.0 = Debug|Any CPU
		{95764C16-DC88-41D0-923A-BFC3C141F426}.Release|Any CPU.ActiveCfg = Release|Any CPU
		{95764C16-DC88-41D0-923A-BFC3C141F426}.Release|Any CPU.Build.0 = Release|Any CPU
	EndGlobalSection
	GlobalSection(SolutionProperties) = preSolution
		HideSolutionNode = FALSE
	EndGlobalSection
	GlobalSection(ExtensibilityGlobals) = postSolution
		SolutionGuid = {23F95376-FA6D-465C-87E7-E6AE192116F6}
	EndGlobalSection
EndGlobal
