
Microsoft Visual Studio Solution File, Format Version 12.00
# Visual Studio 15
VisualStudioVersion = 15.0.27703.2026
MinimumVisualStudioVersion = 10.0.40219.1
Project("{FAE04EC0-301F-11D3-BF4B-00C04F79EFBC}") = "Metanit_12_01_HtmlHelper_Sample", "Metanit_12_01_HtmlHelper_Sample\Metanit_12_01_HtmlHelper_Sample.csproj", "{3832DD1E-E5DA-414D-A567-244880F726E7}"
EndProject
Project("{FAE04EC0-301F-11D3-BF4B-00C04F79EFBC}") = "Metanit_12_02_TagHelper_Sample", "Metanit_12_02_TagHelper_Sample\Metanit_12_02_TagHelper_Sample.csproj", "{200D1C12-A53E-41F4-AB60-FD8264C5549E}"
EndProject
Project("{FAE04EC0-301F-11D3-BF4B-00C04F79EFBC}") = "Metanit_12_03_HtmlHelper_BeginForm", "Metanit_12_03_HtmlHelper_BeginForm\Metanit_12_03_HtmlHelper_BeginForm.csproj", "{58B6A95A-62AB-4517-B614-EDF9636D1C28}"
EndProject
Project("{FAE04EC0-301F-11D3-BF4B-00C04F79EFBC}") = "Metanit_12_04_StrongTypeHtmlHelper", "Metanit_12_04_StrongTypeHtmlHelper\Metanit_12_04_StrongTypeHtmlHelper.csproj", "{D40CFBA7-4294-4533-AB16-FD8764C2C11B}"
EndProject
Project("{FAE04EC0-301F-11D3-BF4B-00C04F79EFBC}") = "Metanit_12_05_TemplateHelper", "Metanit_12_05_TemplateHelper\Metanit_12_05_TemplateHelper.csproj", "{CAB43C53-6A60-49DD-940F-BCF2425A543B}"
EndProject
Global
	GlobalSection(SolutionConfigurationPlatforms) = preSolution
		Debug|Any CPU = Debug|Any CPU
		Release|Any CPU = Release|Any CPU
	EndGlobalSection
	GlobalSection(ProjectConfigurationPlatforms) = postSolution
		{3832DD1E-E5DA-414D-A567-244880F726E7}.Debug|Any CPU.ActiveCfg = Debug|Any CPU
		{3832DD1E-E5DA-414D-A567-244880F726E7}.Debug|Any CPU.Build.0 = Debug|Any CPU
		{3832DD1E-E5DA-414D-A567-244880F726E7}.Release|Any CPU.ActiveCfg = Release|Any CPU
		{3832DD1E-E5DA-414D-A567-244880F726E7}.Release|Any CPU.Build.0 = Release|Any CPU
		{200D1C12-A53E-41F4-AB60-FD8264C5549E}.Debug|Any CPU.ActiveCfg = Debug|Any CPU
		{200D1C12-A53E-41F4-AB60-FD8264C5549E}.Debug|Any CPU.Build.0 = Debug|Any CPU
		{200D1C12-A53E-41F4-AB60-FD8264C5549E}.Release|Any CPU.ActiveCfg = Release|Any CPU
		{200D1C12-A53E-41F4-AB60-FD8264C5549E}.Release|Any CPU.Build.0 = Release|Any CPU
		{58B6A95A-62AB-4517-B614-EDF9636D1C28}.Debug|Any CPU.ActiveCfg = Debug|Any CPU
		{58B6A95A-62AB-4517-B614-EDF9636D1C28}.Debug|Any CPU.Build.0 = Debug|Any CPU
		{58B6A95A-62AB-4517-B614-EDF9636D1C28}.Release|Any CPU.ActiveCfg = Release|Any CPU
		{58B6A95A-62AB-4517-B614-EDF9636D1C28}.Release|Any CPU.Build.0 = Release|Any CPU
		{D40CFBA7-4294-4533-AB16-FD8764C2C11B}.Debug|Any CPU.ActiveCfg = Debug|Any CPU
		{D40CFBA7-4294-4533-AB16-FD8764C2C11B}.Debug|Any CPU.Build.0 = Debug|Any CPU
		{D40CFBA7-4294-4533-AB16-FD8764C2C11B}.Release|Any CPU.ActiveCfg = Release|Any CPU
		{D40CFBA7-4294-4533-AB16-FD8764C2C11B}.Release|Any CPU.Build.0 = Release|Any CPU
		{CAB43C53-6A60-49DD-940F-BCF2425A543B}.Debug|Any CPU.ActiveCfg = Debug|Any CPU
		{CAB43C53-6A60-49DD-940F-BCF2425A543B}.Debug|Any CPU.Build.0 = Debug|Any CPU
		{CAB43C53-6A60-49DD-940F-BCF2425A543B}.Release|Any CPU.ActiveCfg = Release|Any CPU
		{CAB43C53-6A60-49DD-940F-BCF2425A543B}.Release|Any CPU.Build.0 = Release|Any CPU
	EndGlobalSection
	GlobalSection(SolutionProperties) = preSolution
		HideSolutionNode = FALSE
	EndGlobalSection
	GlobalSection(ExtensibilityGlobals) = postSolution
		SolutionGuid = {FC9BE823-C09A-4B24-9044-6D4EF8555546}
	EndGlobalSection
EndGlobal
