
Microsoft Visual Studio Solution File, Format Version 12.00
# Visual Studio 15
VisualStudioVersion = 15.0.27703.2035
MinimumVisualStudioVersion = 10.0.40219.1
Project("{9A19103F-16F7-4668-BE54-9A1E7A4F7556}") = "Metanit_15_01_EntityFrameworkSample", "Metanit_15_01_EntityFrameworkSample\Metanit_15_01_EntityFrameworkSample.csproj", "{EBCDABE4-31AE-4CE2-AA58-63994040A71E}"
EndProject
Project("{FAE04EC0-301F-11D3-BF4B-00C04F79EFBC}") = "Metanit_15_04_EntityFrameworkSort", "Metanit_15_04_EntityFrameworkSort\Metanit_15_04_EntityFrameworkSort.csproj", "{C9BCDD38-07C1-40E5-B041-D9AFCF0A78EB}"
EndProject
Project("{FAE04EC0-301F-11D3-BF4B-00C04F79EFBC}") = "Metanit_15_06_EntityFrameworkFilter", "Metanit_15_06_EntityFrameworkFilter\Metanit_15_06_EntityFrameworkFilter.csproj", "{ACB88894-073C-43EC-92C8-8B0B44905241}"
EndProject
Global
	GlobalSection(SolutionConfigurationPlatforms) = preSolution
		Debug|Any CPU = Debug|Any CPU
		Release|Any CPU = Release|Any CPU
	EndGlobalSection
	GlobalSection(ProjectConfigurationPlatforms) = postSolution
		{EBCDABE4-31AE-4CE2-AA58-63994040A71E}.Debug|Any CPU.ActiveCfg = Debug|Any CPU
		{EBCDABE4-31AE-4CE2-AA58-63994040A71E}.Debug|Any CPU.Build.0 = Debug|Any CPU
		{EBCDABE4-31AE-4CE2-AA58-63994040A71E}.Release|Any CPU.ActiveCfg = Release|Any CPU
		{EBCDABE4-31AE-4CE2-AA58-63994040A71E}.Release|Any CPU.Build.0 = Release|Any CPU
		{C9BCDD38-07C1-40E5-B041-D9AFCF0A78EB}.Debug|Any CPU.ActiveCfg = Debug|Any CPU
		{C9BCDD38-07C1-40E5-B041-D9AFCF0A78EB}.Debug|Any CPU.Build.0 = Debug|Any CPU
		{C9BCDD38-07C1-40E5-B041-D9AFCF0A78EB}.Release|Any CPU.ActiveCfg = Release|Any CPU
		{C9BCDD38-07C1-40E5-B041-D9AFCF0A78EB}.Release|Any CPU.Build.0 = Release|Any CPU
		{ACB88894-073C-43EC-92C8-8B0B44905241}.Debug|Any CPU.ActiveCfg = Debug|Any CPU
		{ACB88894-073C-43EC-92C8-8B0B44905241}.Debug|Any CPU.Build.0 = Debug|Any CPU
		{ACB88894-073C-43EC-92C8-8B0B44905241}.Release|Any CPU.ActiveCfg = Release|Any CPU
		{ACB88894-073C-43EC-92C8-8B0B44905241}.Release|Any CPU.Build.0 = Release|Any CPU
	EndGlobalSection
	GlobalSection(SolutionProperties) = preSolution
		HideSolutionNode = FALSE
	EndGlobalSection
	GlobalSection(ExtensibilityGlobals) = postSolution
		SolutionGuid = {D4BD0766-8C20-4D7E-BE75-E01627EAB0FD}
	EndGlobalSection
EndGlobal
