
Microsoft Visual Studio Solution File, Format Version 12.00
# Visual Studio 15
VisualStudioVersion = 15.0.27703.2026
MinimumVisualStudioVersion = 10.0.40219.1
Project("{9A19103F-16F7-4668-BE54-9A1E7A4F7556}") = "Metanit_13_01_TagHelper_Sample", "Metanit_13_01_TagHelper_Sample\Metanit_13_01_TagHelper_Sample.csproj", "{AE704F3C-9970-4F50-B7EE-0E1954D42418}"
EndProject
Project("{9A19103F-16F7-4668-BE54-9A1E7A4F7556}") = "Metanit_13_04_TagHelperOfForm", "Metanit_13_04_TagHelperOfForm\Metanit_13_04_TagHelperOfForm.csproj", "{C4E96DD0-01AD-40BA-BFDA-CE16BC99D586}"
EndProject
Project("{9A19103F-16F7-4668-BE54-9A1E7A4F7556}") = "Metanit_13_05_ValidationTagHelper", "Metanit_13_05_ValidationTagHelper\Metanit_13_05_ValidationTagHelper.csproj", "{5F5FEDB8-C6B2-485B-89E8-7C4D9AC7C5F7}"
EndProject
Project("{FAE04EC0-301F-11D3-BF4B-00C04F79EFBC}") = "Metanit_13_08_CreateTagHelper", "Metanit_13_08_CreateTagHelper\Metanit_13_08_CreateTagHelper.csproj", "{6ADF43EE-4549-47A1-8B2E-E14A644E743A}"
EndProject
Project("{FAE04EC0-301F-11D3-BF4B-00C04F79EFBC}") = "Metanit_13_10_TagHelper_and_DependencyInjection", "Metanit_13_10_TagHelper_and_DependencyInjection\Metanit_13_10_TagHelper_and_DependencyInjection.csproj", "{F74CD22C-F7D8-4E4B-9106-C64289288DB7}"
EndProject
Project("{FAE04EC0-301F-11D3-BF4B-00C04F79EFBC}") = "Metanit_13_11_HtmlTargetElement", "Metanit_13_11_HtmlTargetElement\Metanit_13_11_HtmlTargetElement.csproj", "{6A5052C8-B4E5-4785-97E1-DE7D50666DE5}"
EndProject
Project("{FAE04EC0-301F-11D3-BF4B-00C04F79EFBC}") = "Metanit_13_12_TagHelperForModel", "Metanit_13_12_TagHelperForModel\Metanit_13_12_TagHelperForModel.csproj", "{F18EE754-58B0-44F9-96D7-3B503520420F}"
EndProject
Global
	GlobalSection(SolutionConfigurationPlatforms) = preSolution
		Debug|Any CPU = Debug|Any CPU
		Release|Any CPU = Release|Any CPU
	EndGlobalSection
	GlobalSection(ProjectConfigurationPlatforms) = postSolution
		{AE704F3C-9970-4F50-B7EE-0E1954D42418}.Debug|Any CPU.ActiveCfg = Debug|Any CPU
		{AE704F3C-9970-4F50-B7EE-0E1954D42418}.Debug|Any CPU.Build.0 = Debug|Any CPU
		{AE704F3C-9970-4F50-B7EE-0E1954D42418}.Release|Any CPU.ActiveCfg = Release|Any CPU
		{AE704F3C-9970-4F50-B7EE-0E1954D42418}.Release|Any CPU.Build.0 = Release|Any CPU
		{C4E96DD0-01AD-40BA-BFDA-CE16BC99D586}.Debug|Any CPU.ActiveCfg = Debug|Any CPU
		{C4E96DD0-01AD-40BA-BFDA-CE16BC99D586}.Debug|Any CPU.Build.0 = Debug|Any CPU
		{C4E96DD0-01AD-40BA-BFDA-CE16BC99D586}.Release|Any CPU.ActiveCfg = Release|Any CPU
		{C4E96DD0-01AD-40BA-BFDA-CE16BC99D586}.Release|Any CPU.Build.0 = Release|Any CPU
		{5F5FEDB8-C6B2-485B-89E8-7C4D9AC7C5F7}.Debug|Any CPU.ActiveCfg = Debug|Any CPU
		{5F5FEDB8-C6B2-485B-89E8-7C4D9AC7C5F7}.Debug|Any CPU.Build.0 = Debug|Any CPU
		{5F5FEDB8-C6B2-485B-89E8-7C4D9AC7C5F7}.Release|Any CPU.ActiveCfg = Release|Any CPU
		{5F5FEDB8-C6B2-485B-89E8-7C4D9AC7C5F7}.Release|Any CPU.Build.0 = Release|Any CPU
		{6ADF43EE-4549-47A1-8B2E-E14A644E743A}.Debug|Any CPU.ActiveCfg = Debug|Any CPU
		{6ADF43EE-4549-47A1-8B2E-E14A644E743A}.Debug|Any CPU.Build.0 = Debug|Any CPU
		{6ADF43EE-4549-47A1-8B2E-E14A644E743A}.Release|Any CPU.ActiveCfg = Release|Any CPU
		{6ADF43EE-4549-47A1-8B2E-E14A644E743A}.Release|Any CPU.Build.0 = Release|Any CPU
		{F74CD22C-F7D8-4E4B-9106-C64289288DB7}.Debug|Any CPU.ActiveCfg = Debug|Any CPU
		{F74CD22C-F7D8-4E4B-9106-C64289288DB7}.Debug|Any CPU.Build.0 = Debug|Any CPU
		{F74CD22C-F7D8-4E4B-9106-C64289288DB7}.Release|Any CPU.ActiveCfg = Release|Any CPU
		{F74CD22C-F7D8-4E4B-9106-C64289288DB7}.Release|Any CPU.Build.0 = Release|Any CPU
		{6A5052C8-B4E5-4785-97E1-DE7D50666DE5}.Debug|Any CPU.ActiveCfg = Debug|Any CPU
		{6A5052C8-B4E5-4785-97E1-DE7D50666DE5}.Debug|Any CPU.Build.0 = Debug|Any CPU
		{6A5052C8-B4E5-4785-97E1-DE7D50666DE5}.Release|Any CPU.ActiveCfg = Release|Any CPU
		{6A5052C8-B4E5-4785-97E1-DE7D50666DE5}.Release|Any CPU.Build.0 = Release|Any CPU
		{F18EE754-58B0-44F9-96D7-3B503520420F}.Debug|Any CPU.ActiveCfg = Debug|Any CPU
		{F18EE754-58B0-44F9-96D7-3B503520420F}.Debug|Any CPU.Build.0 = Debug|Any CPU
		{F18EE754-58B0-44F9-96D7-3B503520420F}.Release|Any CPU.ActiveCfg = Release|Any CPU
		{F18EE754-58B0-44F9-96D7-3B503520420F}.Release|Any CPU.Build.0 = Release|Any CPU
	EndGlobalSection
	GlobalSection(SolutionProperties) = preSolution
		HideSolutionNode = FALSE
	EndGlobalSection
	GlobalSection(ExtensibilityGlobals) = postSolution
		SolutionGuid = {B2E0B3A8-C774-48F2-954A-E73FA830722D}
	EndGlobalSection
EndGlobal
