
Microsoft Visual Studio Solution File, Format Version 12.00
# Visual Studio 15
VisualStudioVersion = 15.0.27703.2026
MinimumVisualStudioVersion = 10.0.40219.1
Project("{9A19103F-16F7-4668-BE54-9A1E7A4F7556}") = "Metanit_14_01_Validation_Sample", "Metanit_14_01_Validation_Sample\Metanit_14_01_Validation_Sample.csproj", "{189FB766-15F7-4B7C-BFD1-08531C12265D}"
EndProject
Project("{FAE04EC0-301F-11D3-BF4B-00C04F79EFBC}") = "Metanit_14_06_DataAnnotations", "Metanit_14_06_DataAnnotations\Metanit_14_06_DataAnnotations.csproj", "{F45D25DF-6934-4C10-9B08-499193DB0F41}"
EndProject
Global
	GlobalSection(SolutionConfigurationPlatforms) = preSolution
		Debug|Any CPU = Debug|Any CPU
		Release|Any CPU = Release|Any CPU
	EndGlobalSection
	GlobalSection(ProjectConfigurationPlatforms) = postSolution
		{189FB766-15F7-4B7C-BFD1-08531C12265D}.Debug|Any CPU.ActiveCfg = Debug|Any CPU
		{189FB766-15F7-4B7C-BFD1-08531C12265D}.Debug|Any CPU.Build.0 = Debug|Any CPU
		{189FB766-15F7-4B7C-BFD1-08531C12265D}.Release|Any CPU.ActiveCfg = Release|Any CPU
		{189FB766-15F7-4B7C-BFD1-08531C12265D}.Release|Any CPU.Build.0 = Release|Any CPU
		{F45D25DF-6934-4C10-9B08-499193DB0F41}.Debug|Any CPU.ActiveCfg = Debug|Any CPU
		{F45D25DF-6934-4C10-9B08-499193DB0F41}.Debug|Any CPU.Build.0 = Debug|Any CPU
		{F45D25DF-6934-4C10-9B08-499193DB0F41}.Release|Any CPU.ActiveCfg = Release|Any CPU
		{F45D25DF-6934-4C10-9B08-499193DB0F41}.Release|Any CPU.Build.0 = Release|Any CPU
	EndGlobalSection
	GlobalSection(SolutionProperties) = preSolution
		HideSolutionNode = FALSE
	EndGlobalSection
	GlobalSection(ExtensibilityGlobals) = postSolution
		SolutionGuid = {00A801E6-0B4E-4246-9410-EA45FAE0990E}
	EndGlobalSection
EndGlobal
