
Microsoft Visual Studio Solution File, Format Version 12.00
# Visual Studio 15
VisualStudioVersion = 15.0.27703.2026
MinimumVisualStudioVersion = 10.0.40219.1
Project("{FAE04EC0-301F-11D3-BF4B-00C04F79EFBC}") = "Metanit_04_06_IOptions", "Metanit_04_06_IOptions\Metanit_04_06_IOptions.csproj", "{28365B2B-12FB-42CA-8376-55DDDC506DF0}"
EndProject
Global
	GlobalSection(SolutionConfigurationPlatforms) = preSolution
		Debug|Any CPU = Debug|Any CPU
		Release|Any CPU = Release|Any CPU
	EndGlobalSection
	GlobalSection(ProjectConfigurationPlatforms) = postSolution
		{28365B2B-12FB-42CA-8376-55DDDC506DF0}.Debug|Any CPU.ActiveCfg = Debug|Any CPU
		{28365B2B-12FB-42CA-8376-55DDDC506DF0}.Debug|Any CPU.Build.0 = Debug|Any CPU
		{28365B2B-12FB-42CA-8376-55DDDC506DF0}.Release|Any CPU.ActiveCfg = Release|Any CPU
		{28365B2B-12FB-42CA-8376-55DDDC506DF0}.Release|Any CPU.Build.0 = Release|Any CPU
	EndGlobalSection
	GlobalSection(SolutionProperties) = preSolution
		HideSolutionNode = FALSE
	EndGlobalSection
	GlobalSection(ExtensibilityGlobals) = postSolution
		SolutionGuid = {2D9592C9-ED44-493F-A1D0-EB09959BC7DE}
	EndGlobalSection
EndGlobal
